
Microsoft Visual Studio Solution File, Format Version 12.00
# Visual Studio 15
VisualStudioVersion = 15.0.27703.2035
MinimumVisualStudioVersion = 10.0.40219.1
Project("{888888A0-9F3D-457C-B088-3A5042F75D52}") = "test1", "test1\test1.pyproj", "{4E66A57D-6640-4CEC-8339-38F101CFB6FE}"
EndProject
Global
	GlobalSection(SolutionConfigurationPlatforms) = preSolution
		Debug|Any CPU = Debug|Any CPU
		Release|Any CPU = Release|Any CPU
	EndGlobalSection
	GlobalSection(ProjectConfigurationPlatforms) = postSolution
		{4E66A57D-6640-4CEC-8339-38F101CFB6FE}.Debug|Any CPU.ActiveCfg = Debug|Any CPU
		{4E66A57D-6640-4CEC-8339-38F101CFB6FE}.Release|Any CPU.ActiveCfg = Release|Any CPU
	EndGlobalSection
	GlobalSection(SolutionProperties) = preSolution
		HideSolutionNode = FALSE
	EndGlobalSection
	GlobalSection(ExtensibilityGlobals) = postSolution
		SolutionGuid = {FF97C731-AD58-46A3-8DF0-73F5DAB200B6}
	EndGlobalSection
EndGlobal
